
Microsoft Visual Studio Solution File, Format Version 12.00
# Visual Studio 15
VisualStudioVersion = 15.0.27428.2037
MinimumVisualStudioVersion = 10.0.40219.1
Project("{FAE04EC0-301F-11D3-BF4B-00C04F79EFBC}") = "FriendsLocation.Api", "FriendsLocation.Api\FriendsLocation.Api.csproj", "{2A33A2F2-5187-4970-87A5-9585AF03695A}"
EndProject
Global
	GlobalSection(SolutionConfigurationPlatforms) = preSolution
		Debug|Any CPU = Debug|Any CPU
		Release|Any CPU = Release|Any CPU
	EndGlobalSection
	GlobalSection(ProjectConfigurationPlatforms) = postSolution
		{2A33A2F2-5187-4970-87A5-9585AF03695A}.Debug|Any CPU.ActiveCfg = Debug|Any CPU
		{2A33A2F2-5187-4970-87A5-9585AF03695A}.Debug|Any CPU.Build.0 = Debug|Any CPU
		{2A33A2F2-5187-4970-87A5-9585AF03695A}.Release|Any CPU.ActiveCfg = Release|Any CPU
		{2A33A2F2-5187-4970-87A5-9585AF03695A}.Release|Any CPU.Build.0 = Release|Any CPU
	EndGlobalSection
	GlobalSection(SolutionProperties) = preSolution
		HideSolutionNode = FALSE
	EndGlobalSection
	GlobalSection(ExtensibilityGlobals) = postSolution
		SolutionGuid = {788C2116-C7FC-4584-B369-34FBC771EE64}
	EndGlobalSection
EndGlobal
